{
  "dependencies": {
    "apt": {
      "locked_version": "2.3.4"
    },
    "rsyslog": {
      "locked_version": "1.10.2"
    },
    "sudo": {
      "locked_version": "2.3.0"
    },
    "deis": {
      "locked_version": "0.4.1",
      "git": "https://github.com/appcubator/deis-cookbook.git",
      "ref": "42874998b81b070851047f6479c6187d5b9e1f99"
    }
  }
}
