{
  "dependencies": {
    "apt": {
      "locked_version": "2.3.4"
    },
    "rsyslog": {
      "locked_version": "1.10.2"
    },
    "sudo": {
      "locked_version": "2.3.0"
    },
    "deis": {
      "locked_version": "0.4.1",
      "git": "https://github.com/appcubator/deis-cookbook.git",
      "ref": "59476919f3b540fe9bd3a6c8967236479b0c1af1"
    }
  }
}
