{
  "dependencies": {
    "apt": {
      "locked_version": "2.3.4"
    },
    "rsyslog": {
      "locked_version": "1.10.2"
    },
    "sudo": {
      "locked_version": "2.3.0"
    },
    "deis": {
      "locked_version": "0.4.1",
      "git": "https://github.com/appcubator/deis-cookbook.git",
      "ref": "45bfc3d250b3a7644fa84c7908d115d04314b518"
    }
  }
}
